
Microsoft Visual Studio Solution File, Format Version 12.00
# Visual Studio Version 17
VisualStudioVersion = 17.5.33103.201
MinimumVisualStudioVersion = 10.0.40219.1
Project("{9A19103F-16F7-4668-BE54-9A1E7A4F7556}") = "Aplication", "Aplication\Aplication.csproj", "{0CEE2759-6605-4154-A54C-49096C18FF22}"
EndProject
Project("{9A19103F-16F7-4668-BE54-9A1E7A4F7556}") = "UnitTest", "UnitTest\UnitTest.csproj", "{80488956-AECB-41C9-8BF4-11EF9FB1D2E0}"
EndProject
Project("{FAE04EC0-301F-11D3-BF4B-00C04F79EFBC}") = "Core", "Core\Core.csproj", "{E7057E18-ED82-467E-B17C-A522AF7B77E4}"
EndProject
Global
	GlobalSection(SolutionConfigurationPlatforms) = preSolution
		Debug|Any CPU = Debug|Any CPU
		Release|Any CPU = Release|Any CPU
	EndGlobalSection
	GlobalSection(ProjectConfigurationPlatforms) = postSolution
		{0CEE2759-6605-4154-A54C-49096C18FF22}.Debug|Any CPU.ActiveCfg = Debug|Any CPU
		{0CEE2759-6605-4154-A54C-49096C18FF22}.Debug|Any CPU.Build.0 = Debug|Any CPU
		{0CEE2759-6605-4154-A54C-49096C18FF22}.Release|Any CPU.ActiveCfg = Release|Any CPU
		{0CEE2759-6605-4154-A54C-49096C18FF22}.Release|Any CPU.Build.0 = Release|Any CPU
		{80488956-AECB-41C9-8BF4-11EF9FB1D2E0}.Debug|Any CPU.ActiveCfg = Debug|Any CPU
		{80488956-AECB-41C9-8BF4-11EF9FB1D2E0}.Debug|Any CPU.Build.0 = Debug|Any CPU
		{80488956-AECB-41C9-8BF4-11EF9FB1D2E0}.Release|Any CPU.ActiveCfg = Release|Any CPU
		{80488956-AECB-41C9-8BF4-11EF9FB1D2E0}.Release|Any CPU.Build.0 = Release|Any CPU
		{E7057E18-ED82-467E-B17C-A522AF7B77E4}.Debug|Any CPU.ActiveCfg = Debug|Any CPU
		{E7057E18-ED82-467E-B17C-A522AF7B77E4}.Debug|Any CPU.Build.0 = Debug|Any CPU
		{E7057E18-ED82-467E-B17C-A522AF7B77E4}.Release|Any CPU.ActiveCfg = Release|Any CPU
		{E7057E18-ED82-467E-B17C-A522AF7B77E4}.Release|Any CPU.Build.0 = Release|Any CPU
	EndGlobalSection
	GlobalSection(SolutionProperties) = preSolution
		HideSolutionNode = FALSE
	EndGlobalSection
	GlobalSection(ExtensibilityGlobals) = postSolution
		SolutionGuid = {E2C19A66-A9EA-4732-9CFA-DDD5A8B7D9A3}
	EndGlobalSection
EndGlobal
