
Microsoft Visual Studio Solution File, Format Version 12.00
# Visual Studio Version 16
VisualStudioVersion = 16.0.29209.62
MinimumVisualStudioVersion = 10.0.40219.1
Project("{FAE04EC0-301F-11D3-BF4B-00C04F79EFBC}") = "CShp_UnitTestMoq", "CShp_UnitTestMoq\CShp_UnitTestMoq.csproj", "{0CEE2759-6605-4154-A54C-49096C18FF22}"
EndProject
Project("{FAE04EC0-301F-11D3-BF4B-00C04F79EFBC}") = "CShp_XUnitTest", "CShp_XUnitTest\CShp_XUnitTest.csproj", "{80488956-AECB-41C9-8BF4-11EF9FB1D2E0}"
EndProject
Global
	GlobalSection(SolutionConfigurationPlatforms) = preSolution
		Debug|Any CPU = Debug|Any CPU
		Release|Any CPU = Release|Any CPU
	EndGlobalSection
	GlobalSection(ProjectConfigurationPlatforms) = postSolution
		{0CEE2759-6605-4154-A54C-49096C18FF22}.Debug|Any CPU.ActiveCfg = Debug|Any CPU
		{0CEE2759-6605-4154-A54C-49096C18FF22}.Debug|Any CPU.Build.0 = Debug|Any CPU
		{0CEE2759-6605-4154-A54C-49096C18FF22}.Release|Any CPU.ActiveCfg = Release|Any CPU
		{0CEE2759-6605-4154-A54C-49096C18FF22}.Release|Any CPU.Build.0 = Release|Any CPU
		{80488956-AECB-41C9-8BF4-11EF9FB1D2E0}.Debug|Any CPU.ActiveCfg = Debug|Any CPU
		{80488956-AECB-41C9-8BF4-11EF9FB1D2E0}.Debug|Any CPU.Build.0 = Debug|Any CPU
		{80488956-AECB-41C9-8BF4-11EF9FB1D2E0}.Release|Any CPU.ActiveCfg = Release|Any CPU
		{80488956-AECB-41C9-8BF4-11EF9FB1D2E0}.Release|Any CPU.Build.0 = Release|Any CPU
	EndGlobalSection
	GlobalSection(SolutionProperties) = preSolution
		HideSolutionNode = FALSE
	EndGlobalSection
	GlobalSection(ExtensibilityGlobals) = postSolution
		SolutionGuid = {E2C19A66-A9EA-4732-9CFA-DDD5A8B7D9A3}
	EndGlobalSection
EndGlobal
